
Microsoft Visual Studio Solution File, Format Version 12.00
# Visual Studio Version 17
VisualStudioVersion = 17.3.32811.315
MinimumVisualStudioVersion = 10.0.40219.1
Project("{9A19103F-16F7-4668-BE54-9A1E7A4F7556}") = "EFCore.Csv", "src\EFCore.Csv\EFCore.Csv.csproj", "{CC6FE92F-4A9E-4BF5-88B1-969F05D45A42}"
EndProject
Project("{9A19103F-16F7-4668-BE54-9A1E7A4F7556}") = "EFCore.Json", "src\EFCore.Json\EFCore.Json.csproj", "{91FF9493-88B7-4944-8EC5-95E2438B3EE5}"
EndProject
Project("{9A19103F-16F7-4668-BE54-9A1E7A4F7556}") = "EFCore.Xml", "src\EFCore.Xml\EFCore.Xml.csproj", "{45A4E45B-F112-42C5-B1A7-5364DBD92429}"
EndProject
Project("{2150E333-8FDC-42A3-9474-1A3956D46DE8}") = "Solution Files", "Solution Files", "{84B78929-EFA4-44BB-A6D8-A9BD2777DA04}"
	ProjectSection(SolutionItems) = preProject
		Packages.props = Packages.props
	EndProjectSection
EndProject
Project("{9A19103F-16F7-4668-BE54-9A1E7A4F7556}") = "EFCore.Csv.Tests", "tests\EFCore.Csv.Tests\EFCore.Csv.Tests.csproj", "{0FC13174-DB8C-4AAF-931D-9675E671B734}"
EndProject
Project("{9A19103F-16F7-4668-BE54-9A1E7A4F7556}") = "EFCore.Json.Tests", "tests\EFCore.Json.Tests\EFCore.Json.Tests.csproj", "{90C6F120-064E-4CDF-8600-8BEF96A14F8A}"
EndProject
Project("{9A19103F-16F7-4668-BE54-9A1E7A4F7556}") = "EFCore.Xml.Tests", "tests\EFCore.Xml.Tests\EFCore.Xml.Tests.csproj", "{026A2A7A-1BC1-4E3B-AE1A-10750B972392}"
EndProject
Project("{FAE04EC0-301F-11D3-BF4B-00C04F79EFBC}") = "EFCore.Common.Tests", "tests\EFCore.Common.Tests\EFCore.Common.Tests.csproj", "{A1E4CE1F-645E-43FF-9653-C1E3C6C8046D}"
EndProject
Project("{2150E333-8FDC-42A3-9474-1A3956D46DE8}") = "Tests", "Tests", "{57DBF22F-675D-4C64-BCBF-B27B5751AB9E}"
EndProject
Project("{FAE04EC0-301F-11D3-BF4B-00C04F79EFBC}") = "EFCore.FileBasedProviders.Common", "src\EFCore.FileBasedProviders.Common\EFCore.FileBasedProviders.Common.csproj", "{8A9FF67B-20D2-42E9-9A3F-0BE39035A682}"
EndProject
Global
	GlobalSection(SolutionConfigurationPlatforms) = preSolution
		Debug|Any CPU = Debug|Any CPU
		Release|Any CPU = Release|Any CPU
	EndGlobalSection
	GlobalSection(ProjectConfigurationPlatforms) = postSolution
		{CC6FE92F-4A9E-4BF5-88B1-969F05D45A42}.Debug|Any CPU.ActiveCfg = Debug|Any CPU
		{CC6FE92F-4A9E-4BF5-88B1-969F05D45A42}.Debug|Any CPU.Build.0 = Debug|Any CPU
		{CC6FE92F-4A9E-4BF5-88B1-969F05D45A42}.Release|Any CPU.ActiveCfg = Release|Any CPU
		{CC6FE92F-4A9E-4BF5-88B1-969F05D45A42}.Release|Any CPU.Build.0 = Release|Any CPU
		{91FF9493-88B7-4944-8EC5-95E2438B3EE5}.Debug|Any CPU.ActiveCfg = Debug|Any CPU
		{91FF9493-88B7-4944-8EC5-95E2438B3EE5}.Debug|Any CPU.Build.0 = Debug|Any CPU
		{91FF9493-88B7-4944-8EC5-95E2438B3EE5}.Release|Any CPU.ActiveCfg = Release|Any CPU
		{91FF9493-88B7-4944-8EC5-95E2438B3EE5}.Release|Any CPU.Build.0 = Release|Any CPU
		{45A4E45B-F112-42C5-B1A7-5364DBD92429}.Debug|Any CPU.ActiveCfg = Debug|Any CPU
		{45A4E45B-F112-42C5-B1A7-5364DBD92429}.Debug|Any CPU.Build.0 = Debug|Any CPU
		{45A4E45B-F112-42C5-B1A7-5364DBD92429}.Release|Any CPU.ActiveCfg = Release|Any CPU
		{45A4E45B-F112-42C5-B1A7-5364DBD92429}.Release|Any CPU.Build.0 = Release|Any CPU
		{0FC13174-DB8C-4AAF-931D-9675E671B734}.Debug|Any CPU.ActiveCfg = Debug|Any CPU
		{0FC13174-DB8C-4AAF-931D-9675E671B734}.Debug|Any CPU.Build.0 = Debug|Any CPU
		{0FC13174-DB8C-4AAF-931D-9675E671B734}.Release|Any CPU.ActiveCfg = Release|Any CPU
		{0FC13174-DB8C-4AAF-931D-9675E671B734}.Release|Any CPU.Build.0 = Release|Any CPU
		{90C6F120-064E-4CDF-8600-8BEF96A14F8A}.Debug|Any CPU.ActiveCfg = Debug|Any CPU
		{90C6F120-064E-4CDF-8600-8BEF96A14F8A}.Debug|Any CPU.Build.0 = Debug|Any CPU
		{90C6F120-064E-4CDF-8600-8BEF96A14F8A}.Release|Any CPU.ActiveCfg = Release|Any CPU
		{90C6F120-064E-4CDF-8600-8BEF96A14F8A}.Release|Any CPU.Build.0 = Release|Any CPU
		{026A2A7A-1BC1-4E3B-AE1A-10750B972392}.Debug|Any CPU.ActiveCfg = Debug|Any CPU
		{026A2A7A-1BC1-4E3B-AE1A-10750B972392}.Debug|Any CPU.Build.0 = Debug|Any CPU
		{026A2A7A-1BC1-4E3B-AE1A-10750B972392}.Release|Any CPU.ActiveCfg = Release|Any CPU
		{026A2A7A-1BC1-4E3B-AE1A-10750B972392}.Release|Any CPU.Build.0 = Release|Any CPU
		{A1E4CE1F-645E-43FF-9653-C1E3C6C8046D}.Debug|Any CPU.ActiveCfg = Debug|Any CPU
		{A1E4CE1F-645E-43FF-9653-C1E3C6C8046D}.Debug|Any CPU.Build.0 = Debug|Any CPU
		{A1E4CE1F-645E-43FF-9653-C1E3C6C8046D}.Release|Any CPU.ActiveCfg = Release|Any CPU
		{A1E4CE1F-645E-43FF-9653-C1E3C6C8046D}.Release|Any CPU.Build.0 = Release|Any CPU
		{8A9FF67B-20D2-42E9-9A3F-0BE39035A682}.Debug|Any CPU.ActiveCfg = Debug|Any CPU
		{8A9FF67B-20D2-42E9-9A3F-0BE39035A682}.Debug|Any CPU.Build.0 = Debug|Any CPU
		{8A9FF67B-20D2-42E9-9A3F-0BE39035A682}.Release|Any CPU.ActiveCfg = Release|Any CPU
		{8A9FF67B-20D2-42E9-9A3F-0BE39035A682}.Release|Any CPU.Build.0 = Release|Any CPU
	EndGlobalSection
	GlobalSection(SolutionProperties) = preSolution
		HideSolutionNode = FALSE
	EndGlobalSection
	GlobalSection(NestedProjects) = preSolution
		{0FC13174-DB8C-4AAF-931D-9675E671B734} = {57DBF22F-675D-4C64-BCBF-B27B5751AB9E}
		{90C6F120-064E-4CDF-8600-8BEF96A14F8A} = {57DBF22F-675D-4C64-BCBF-B27B5751AB9E}
		{026A2A7A-1BC1-4E3B-AE1A-10750B972392} = {57DBF22F-675D-4C64-BCBF-B27B5751AB9E}
		{A1E4CE1F-645E-43FF-9653-C1E3C6C8046D} = {57DBF22F-675D-4C64-BCBF-B27B5751AB9E}
	EndGlobalSection
	GlobalSection(ExtensibilityGlobals) = postSolution
		SolutionGuid = {4B105F10-4D69-47F8-B65B-6AC29EA5D030}
	EndGlobalSection
EndGlobal
