
Microsoft Visual Studio Solution File, Format Version 12.00
# Visual Studio Version 17
VisualStudioVersion = 17.6.33723.286
MinimumVisualStudioVersion = 10.0.40219.1
Project("{2150E333-8FDC-42A3-9474-1A3956D46DE8}") = "Solution Items", "Solution Items", "{A85B2B9E-68C2-4213-80EA-7808645026BD}"
	ProjectSection(SolutionItems) = preProject
		Packages.props = Packages.props
	EndProjectSection
EndProject
Project("{2150E333-8FDC-42A3-9474-1A3956D46DE8}") = "Tests", "Tests", "{EED87CFA-0A57-40AF-9FDF-5162AF90A9CC}"
EndProject
Project("{9A19103F-16F7-4668-BE54-9A1E7A4F7556}") = "Data.Common", "src\Data.Common\Data.Common.csproj", "{AB06D895-B8FD-444A-B1CC-595A031D261E}"
EndProject
Project("{9A19103F-16F7-4668-BE54-9A1E7A4F7556}") = "Data.Csv", "src\Data.Csv\Data.Csv.csproj", "{50A9E4E5-517A-4635-B79C-2EF8D684D4FE}"
EndProject
Project("{9A19103F-16F7-4668-BE54-9A1E7A4F7556}") = "Data.Json", "src\Data.Json\Data.Json.csproj", "{263EBD5E-6803-4E1C-8BE3-DCCFB121F1D4}"
EndProject
Project("{9A19103F-16F7-4668-BE54-9A1E7A4F7556}") = "Data.Xml", "src\Data.Xml\Data.Xml.csproj", "{2CFB7B25-EA5D-49A0-8F1A-416E55A5AB25}"
EndProject
Project("{9A19103F-16F7-4668-BE54-9A1E7A4F7556}") = "Data.Csv.Tests", "tests\Data.Csv.Tests\Data.Csv.Tests.csproj", "{D2B3A996-B050-4832-8385-F33DE9A2C6F3}"
EndProject
Project("{9A19103F-16F7-4668-BE54-9A1E7A4F7556}") = "Data.Json.Tests", "tests\Data.Json.Tests\Data.Json.Tests.csproj", "{79162CDB-5AF7-413C-AF3F-7F1C6EDA1A9E}"
EndProject
Project("{9A19103F-16F7-4668-BE54-9A1E7A4F7556}") = "Data.Tests.Common", "tests\Data.Tests.Common\Data.Tests.Common.csproj", "{A071EB74-E527-44A9-9492-ADDC2366A7DD}"
EndProject
Project("{9A19103F-16F7-4668-BE54-9A1E7A4F7556}") = "Data.Xml.Tests", "tests\Data.Xml.Tests\Data.Xml.Tests.csproj", "{0721E02A-0DA6-4541-9261-BD6794F7B67E}"
EndProject
Project("{9A19103F-16F7-4668-BE54-9A1E7A4F7556}") = "EFCore.Common", "src\EFCore.Common\EFCore.Common.csproj", "{B6DFDA63-480C-4381-8EDB-3F23627F213E}"
EndProject
Project("{9A19103F-16F7-4668-BE54-9A1E7A4F7556}") = "EFCore.Csv", "src\EFCore.Csv\EFCore.Csv.csproj", "{1D21795F-D5A6-401B-9C90-29E03A5D6600}"
EndProject
Project("{9A19103F-16F7-4668-BE54-9A1E7A4F7556}") = "EFCore.Json", "src\EFCore.Json\EFCore.Json.csproj", "{0B2E2C2F-4BE0-414C-B632-97AC10805935}"
EndProject
Project("{9A19103F-16F7-4668-BE54-9A1E7A4F7556}") = "EFCore.Xml", "src\EFCore.Xml\EFCore.Xml.csproj", "{12443632-ABE7-4B38-90EB-E54C29D5DF95}"
EndProject
Project("{9A19103F-16F7-4668-BE54-9A1E7A4F7556}") = "EFCore.Common.Tests", "tests\EFCore.Common.Tests\EFCore.Common.Tests.csproj", "{5C7DFA58-8C6F-4BD7-989A-4183E46BFD04}"
EndProject
Project("{9A19103F-16F7-4668-BE54-9A1E7A4F7556}") = "EFCore.Csv.Tests", "tests\EFCore.Csv.Tests\EFCore.Csv.Tests.csproj", "{2A5FF01B-FC83-4B3F-9967-EAE6CDA160AD}"
EndProject
Project("{9A19103F-16F7-4668-BE54-9A1E7A4F7556}") = "EFCore.Json.Tests", "tests\EFCore.Json.Tests\EFCore.Json.Tests.csproj", "{93F8A25B-2B25-41B5-9A70-B4D2411875FD}"
EndProject
Project("{9A19103F-16F7-4668-BE54-9A1E7A4F7556}") = "EFCore.Xml.Tests", "tests\EFCore.Xml.Tests\EFCore.Xml.Tests.csproj", "{DF43CD6B-0C63-4F08-AC9F-13DB271CAB82}"
EndProject
Project("{FAE04EC0-301F-11D3-BF4B-00C04F79EFBC}") = "Data.Xls", "src\Data.Xls\Data.Xls.csproj", "{E325277F-EA35-4516-9F49-04D6DDB56A0E}"
EndProject
Project("{FAE04EC0-301F-11D3-BF4B-00C04F79EFBC}") = "Data.Xls.Tests", "tests\Data.Xls.Tests\Data.Xls.Tests.csproj", "{3A2D316F-648F-4359-96E8-67C1742CB3C1}"
EndProject
Global
	GlobalSection(SolutionConfigurationPlatforms) = preSolution
		Debug|Any CPU = Debug|Any CPU
		Release|Any CPU = Release|Any CPU
	EndGlobalSection
	GlobalSection(ProjectConfigurationPlatforms) = postSolution
		{AB06D895-B8FD-444A-B1CC-595A031D261E}.Debug|Any CPU.ActiveCfg = Debug|Any CPU
		{AB06D895-B8FD-444A-B1CC-595A031D261E}.Debug|Any CPU.Build.0 = Debug|Any CPU
		{AB06D895-B8FD-444A-B1CC-595A031D261E}.Release|Any CPU.ActiveCfg = Release|Any CPU
		{AB06D895-B8FD-444A-B1CC-595A031D261E}.Release|Any CPU.Build.0 = Release|Any CPU
		{50A9E4E5-517A-4635-B79C-2EF8D684D4FE}.Debug|Any CPU.ActiveCfg = Debug|Any CPU
		{50A9E4E5-517A-4635-B79C-2EF8D684D4FE}.Debug|Any CPU.Build.0 = Debug|Any CPU
		{50A9E4E5-517A-4635-B79C-2EF8D684D4FE}.Release|Any CPU.ActiveCfg = Release|Any CPU
		{50A9E4E5-517A-4635-B79C-2EF8D684D4FE}.Release|Any CPU.Build.0 = Release|Any CPU
		{263EBD5E-6803-4E1C-8BE3-DCCFB121F1D4}.Debug|Any CPU.ActiveCfg = Debug|Any CPU
		{263EBD5E-6803-4E1C-8BE3-DCCFB121F1D4}.Debug|Any CPU.Build.0 = Debug|Any CPU
		{263EBD5E-6803-4E1C-8BE3-DCCFB121F1D4}.Release|Any CPU.ActiveCfg = Release|Any CPU
		{263EBD5E-6803-4E1C-8BE3-DCCFB121F1D4}.Release|Any CPU.Build.0 = Release|Any CPU
		{2CFB7B25-EA5D-49A0-8F1A-416E55A5AB25}.Debug|Any CPU.ActiveCfg = Debug|Any CPU
		{2CFB7B25-EA5D-49A0-8F1A-416E55A5AB25}.Debug|Any CPU.Build.0 = Debug|Any CPU
		{2CFB7B25-EA5D-49A0-8F1A-416E55A5AB25}.Release|Any CPU.ActiveCfg = Release|Any CPU
		{2CFB7B25-EA5D-49A0-8F1A-416E55A5AB25}.Release|Any CPU.Build.0 = Release|Any CPU
		{D2B3A996-B050-4832-8385-F33DE9A2C6F3}.Debug|Any CPU.ActiveCfg = Debug|Any CPU
		{D2B3A996-B050-4832-8385-F33DE9A2C6F3}.Debug|Any CPU.Build.0 = Debug|Any CPU
		{D2B3A996-B050-4832-8385-F33DE9A2C6F3}.Release|Any CPU.ActiveCfg = Release|Any CPU
		{D2B3A996-B050-4832-8385-F33DE9A2C6F3}.Release|Any CPU.Build.0 = Release|Any CPU
		{79162CDB-5AF7-413C-AF3F-7F1C6EDA1A9E}.Debug|Any CPU.ActiveCfg = Debug|Any CPU
		{79162CDB-5AF7-413C-AF3F-7F1C6EDA1A9E}.Debug|Any CPU.Build.0 = Debug|Any CPU
		{79162CDB-5AF7-413C-AF3F-7F1C6EDA1A9E}.Release|Any CPU.ActiveCfg = Release|Any CPU
		{79162CDB-5AF7-413C-AF3F-7F1C6EDA1A9E}.Release|Any CPU.Build.0 = Release|Any CPU
		{A071EB74-E527-44A9-9492-ADDC2366A7DD}.Debug|Any CPU.ActiveCfg = Debug|Any CPU
		{A071EB74-E527-44A9-9492-ADDC2366A7DD}.Debug|Any CPU.Build.0 = Debug|Any CPU
		{A071EB74-E527-44A9-9492-ADDC2366A7DD}.Release|Any CPU.ActiveCfg = Release|Any CPU
		{A071EB74-E527-44A9-9492-ADDC2366A7DD}.Release|Any CPU.Build.0 = Release|Any CPU
		{0721E02A-0DA6-4541-9261-BD6794F7B67E}.Debug|Any CPU.ActiveCfg = Debug|Any CPU
		{0721E02A-0DA6-4541-9261-BD6794F7B67E}.Debug|Any CPU.Build.0 = Debug|Any CPU
		{0721E02A-0DA6-4541-9261-BD6794F7B67E}.Release|Any CPU.ActiveCfg = Release|Any CPU
		{0721E02A-0DA6-4541-9261-BD6794F7B67E}.Release|Any CPU.Build.0 = Release|Any CPU
		{B6DFDA63-480C-4381-8EDB-3F23627F213E}.Debug|Any CPU.ActiveCfg = Debug|Any CPU
		{B6DFDA63-480C-4381-8EDB-3F23627F213E}.Debug|Any CPU.Build.0 = Debug|Any CPU
		{B6DFDA63-480C-4381-8EDB-3F23627F213E}.Release|Any CPU.ActiveCfg = Release|Any CPU
		{B6DFDA63-480C-4381-8EDB-3F23627F213E}.Release|Any CPU.Build.0 = Release|Any CPU
		{1D21795F-D5A6-401B-9C90-29E03A5D6600}.Debug|Any CPU.ActiveCfg = Debug|Any CPU
		{1D21795F-D5A6-401B-9C90-29E03A5D6600}.Debug|Any CPU.Build.0 = Debug|Any CPU
		{1D21795F-D5A6-401B-9C90-29E03A5D6600}.Release|Any CPU.ActiveCfg = Release|Any CPU
		{1D21795F-D5A6-401B-9C90-29E03A5D6600}.Release|Any CPU.Build.0 = Release|Any CPU
		{0B2E2C2F-4BE0-414C-B632-97AC10805935}.Debug|Any CPU.ActiveCfg = Debug|Any CPU
		{0B2E2C2F-4BE0-414C-B632-97AC10805935}.Debug|Any CPU.Build.0 = Debug|Any CPU
		{0B2E2C2F-4BE0-414C-B632-97AC10805935}.Release|Any CPU.ActiveCfg = Release|Any CPU
		{0B2E2C2F-4BE0-414C-B632-97AC10805935}.Release|Any CPU.Build.0 = Release|Any CPU
		{12443632-ABE7-4B38-90EB-E54C29D5DF95}.Debug|Any CPU.ActiveCfg = Debug|Any CPU
		{12443632-ABE7-4B38-90EB-E54C29D5DF95}.Debug|Any CPU.Build.0 = Debug|Any CPU
		{12443632-ABE7-4B38-90EB-E54C29D5DF95}.Release|Any CPU.ActiveCfg = Release|Any CPU
		{12443632-ABE7-4B38-90EB-E54C29D5DF95}.Release|Any CPU.Build.0 = Release|Any CPU
		{5C7DFA58-8C6F-4BD7-989A-4183E46BFD04}.Debug|Any CPU.ActiveCfg = Debug|Any CPU
		{5C7DFA58-8C6F-4BD7-989A-4183E46BFD04}.Debug|Any CPU.Build.0 = Debug|Any CPU
		{5C7DFA58-8C6F-4BD7-989A-4183E46BFD04}.Release|Any CPU.ActiveCfg = Release|Any CPU
		{5C7DFA58-8C6F-4BD7-989A-4183E46BFD04}.Release|Any CPU.Build.0 = Release|Any CPU
		{2A5FF01B-FC83-4B3F-9967-EAE6CDA160AD}.Debug|Any CPU.ActiveCfg = Debug|Any CPU
		{2A5FF01B-FC83-4B3F-9967-EAE6CDA160AD}.Debug|Any CPU.Build.0 = Debug|Any CPU
		{2A5FF01B-FC83-4B3F-9967-EAE6CDA160AD}.Release|Any CPU.ActiveCfg = Release|Any CPU
		{2A5FF01B-FC83-4B3F-9967-EAE6CDA160AD}.Release|Any CPU.Build.0 = Release|Any CPU
		{93F8A25B-2B25-41B5-9A70-B4D2411875FD}.Debug|Any CPU.ActiveCfg = Debug|Any CPU
		{93F8A25B-2B25-41B5-9A70-B4D2411875FD}.Debug|Any CPU.Build.0 = Debug|Any CPU
		{93F8A25B-2B25-41B5-9A70-B4D2411875FD}.Release|Any CPU.ActiveCfg = Release|Any CPU
		{93F8A25B-2B25-41B5-9A70-B4D2411875FD}.Release|Any CPU.Build.0 = Release|Any CPU
		{DF43CD6B-0C63-4F08-AC9F-13DB271CAB82}.Debug|Any CPU.ActiveCfg = Debug|Any CPU
		{DF43CD6B-0C63-4F08-AC9F-13DB271CAB82}.Debug|Any CPU.Build.0 = Debug|Any CPU
		{DF43CD6B-0C63-4F08-AC9F-13DB271CAB82}.Release|Any CPU.ActiveCfg = Release|Any CPU
		{DF43CD6B-0C63-4F08-AC9F-13DB271CAB82}.Release|Any CPU.Build.0 = Release|Any CPU
		{E325277F-EA35-4516-9F49-04D6DDB56A0E}.Debug|Any CPU.ActiveCfg = Debug|Any CPU
		{E325277F-EA35-4516-9F49-04D6DDB56A0E}.Debug|Any CPU.Build.0 = Debug|Any CPU
		{E325277F-EA35-4516-9F49-04D6DDB56A0E}.Release|Any CPU.ActiveCfg = Release|Any CPU
		{E325277F-EA35-4516-9F49-04D6DDB56A0E}.Release|Any CPU.Build.0 = Release|Any CPU
		{3A2D316F-648F-4359-96E8-67C1742CB3C1}.Debug|Any CPU.ActiveCfg = Debug|Any CPU
		{3A2D316F-648F-4359-96E8-67C1742CB3C1}.Debug|Any CPU.Build.0 = Debug|Any CPU
		{3A2D316F-648F-4359-96E8-67C1742CB3C1}.Release|Any CPU.ActiveCfg = Release|Any CPU
		{3A2D316F-648F-4359-96E8-67C1742CB3C1}.Release|Any CPU.Build.0 = Release|Any CPU
	EndGlobalSection
	GlobalSection(SolutionProperties) = preSolution
		HideSolutionNode = FALSE
	EndGlobalSection
	GlobalSection(NestedProjects) = preSolution
		{D2B3A996-B050-4832-8385-F33DE9A2C6F3} = {EED87CFA-0A57-40AF-9FDF-5162AF90A9CC}
		{79162CDB-5AF7-413C-AF3F-7F1C6EDA1A9E} = {EED87CFA-0A57-40AF-9FDF-5162AF90A9CC}
		{A071EB74-E527-44A9-9492-ADDC2366A7DD} = {EED87CFA-0A57-40AF-9FDF-5162AF90A9CC}
		{0721E02A-0DA6-4541-9261-BD6794F7B67E} = {EED87CFA-0A57-40AF-9FDF-5162AF90A9CC}
		{5C7DFA58-8C6F-4BD7-989A-4183E46BFD04} = {EED87CFA-0A57-40AF-9FDF-5162AF90A9CC}
		{2A5FF01B-FC83-4B3F-9967-EAE6CDA160AD} = {EED87CFA-0A57-40AF-9FDF-5162AF90A9CC}
		{93F8A25B-2B25-41B5-9A70-B4D2411875FD} = {EED87CFA-0A57-40AF-9FDF-5162AF90A9CC}
		{DF43CD6B-0C63-4F08-AC9F-13DB271CAB82} = {EED87CFA-0A57-40AF-9FDF-5162AF90A9CC}
		{3A2D316F-648F-4359-96E8-67C1742CB3C1} = {EED87CFA-0A57-40AF-9FDF-5162AF90A9CC}
	EndGlobalSection
	GlobalSection(ExtensibilityGlobals) = postSolution
		SolutionGuid = {DDF2D9A0-8B3C-43EA-80C4-E585D2DCE49D}
	EndGlobalSection
EndGlobal
